
Microsoft Visual Studio Solution File, Format Version 12.00
# Visual Studio Version 16
VisualStudioVersion = 16.0.31829.152
MinimumVisualStudioVersion = 10.0.40219.1
Project("{FAE04EC0-301F-11D3-BF4B-00C04F79EFBC}") = "CoreTeros", "CoreTeros\CoreTeros.csproj", "{64B7C935-77C0-4447-8227-0598780D8E9B}"
EndProject
Project("{2150E333-8FDC-42A3-9474-1A3956D46DE8}") = "1 - Application", "1 - Application", "{6BCEA47E-6CE8-46F8-8129-3E4A288CB04F}"
EndProject
Project("{2150E333-8FDC-42A3-9474-1A3956D46DE8}") = "2 - Service", "2 - Service", "{9A22A4FE-BE35-4F6E-8FE0-32C36A7CC55B}"
EndProject
Project("{2150E333-8FDC-42A3-9474-1A3956D46DE8}") = "3 - Domain", "3 - Domain", "{C962E833-A288-4ACF-9249-7058F2312261}"
EndProject
Project("{2150E333-8FDC-42A3-9474-1A3956D46DE8}") = "4 - Repository", "4 - Repository", "{B8619027-C1D7-4EF9-A25D-6E9DBA16A15C}"
EndProject
Project("{2150E333-8FDC-42A3-9474-1A3956D46DE8}") = "5 - Infrastructure", "5 - Infrastructure", "{33886DA8-01F2-49A4-8DDA-E5C979B3F54B}"
EndProject
Project("{FAE04EC0-301F-11D3-BF4B-00C04F79EFBC}") = "Service", "Service\Service.csproj", "{CA263888-A7F1-4E7B-BE22-74299B5E4D1D}"
EndProject
Project("{FAE04EC0-301F-11D3-BF4B-00C04F79EFBC}") = "Domain", "Domain\Domain.csproj", "{AD36C21F-AF5C-4FB8-B8BD-F73A8511F1D2}"
EndProject
Project("{FAE04EC0-301F-11D3-BF4B-00C04F79EFBC}") = "Repository", "Repository\Repository.csproj", "{FF70502D-415B-4A4B-96A6-C0213DB7D352}"
EndProject
Project("{FAE04EC0-301F-11D3-BF4B-00C04F79EFBC}") = "Infrastructure", "Infrastructure\Infrastructure.csproj", "{6F54F443-955A-4306-B4A4-CD1C80ECBC20}"
EndProject
Global
	GlobalSection(SolutionConfigurationPlatforms) = preSolution
		Debug|Any CPU = Debug|Any CPU
		Release|Any CPU = Release|Any CPU
	EndGlobalSection
	GlobalSection(ProjectConfigurationPlatforms) = postSolution
		{64B7C935-77C0-4447-8227-0598780D8E9B}.Debug|Any CPU.ActiveCfg = Debug|Any CPU
		{64B7C935-77C0-4447-8227-0598780D8E9B}.Debug|Any CPU.Build.0 = Debug|Any CPU
		{64B7C935-77C0-4447-8227-0598780D8E9B}.Release|Any CPU.ActiveCfg = Release|Any CPU
		{64B7C935-77C0-4447-8227-0598780D8E9B}.Release|Any CPU.Build.0 = Release|Any CPU
		{CA263888-A7F1-4E7B-BE22-74299B5E4D1D}.Debug|Any CPU.ActiveCfg = Debug|Any CPU
		{CA263888-A7F1-4E7B-BE22-74299B5E4D1D}.Debug|Any CPU.Build.0 = Debug|Any CPU
		{CA263888-A7F1-4E7B-BE22-74299B5E4D1D}.Release|Any CPU.ActiveCfg = Release|Any CPU
		{CA263888-A7F1-4E7B-BE22-74299B5E4D1D}.Release|Any CPU.Build.0 = Release|Any CPU
		{AD36C21F-AF5C-4FB8-B8BD-F73A8511F1D2}.Debug|Any CPU.ActiveCfg = Debug|Any CPU
		{AD36C21F-AF5C-4FB8-B8BD-F73A8511F1D2}.Debug|Any CPU.Build.0 = Debug|Any CPU
		{AD36C21F-AF5C-4FB8-B8BD-F73A8511F1D2}.Release|Any CPU.ActiveCfg = Release|Any CPU
		{AD36C21F-AF5C-4FB8-B8BD-F73A8511F1D2}.Release|Any CPU.Build.0 = Release|Any CPU
		{FF70502D-415B-4A4B-96A6-C0213DB7D352}.Debug|Any CPU.ActiveCfg = Debug|Any CPU
		{FF70502D-415B-4A4B-96A6-C0213DB7D352}.Debug|Any CPU.Build.0 = Debug|Any CPU
		{FF70502D-415B-4A4B-96A6-C0213DB7D352}.Release|Any CPU.ActiveCfg = Release|Any CPU
		{FF70502D-415B-4A4B-96A6-C0213DB7D352}.Release|Any CPU.Build.0 = Release|Any CPU
		{6F54F443-955A-4306-B4A4-CD1C80ECBC20}.Debug|Any CPU.ActiveCfg = Debug|Any CPU
		{6F54F443-955A-4306-B4A4-CD1C80ECBC20}.Debug|Any CPU.Build.0 = Debug|Any CPU
		{6F54F443-955A-4306-B4A4-CD1C80ECBC20}.Release|Any CPU.ActiveCfg = Release|Any CPU
		{6F54F443-955A-4306-B4A4-CD1C80ECBC20}.Release|Any CPU.Build.0 = Release|Any CPU
	EndGlobalSection
	GlobalSection(SolutionProperties) = preSolution
		HideSolutionNode = FALSE
	EndGlobalSection
	GlobalSection(NestedProjects) = preSolution
		{64B7C935-77C0-4447-8227-0598780D8E9B} = {6BCEA47E-6CE8-46F8-8129-3E4A288CB04F}
		{CA263888-A7F1-4E7B-BE22-74299B5E4D1D} = {9A22A4FE-BE35-4F6E-8FE0-32C36A7CC55B}
		{AD36C21F-AF5C-4FB8-B8BD-F73A8511F1D2} = {C962E833-A288-4ACF-9249-7058F2312261}
		{FF70502D-415B-4A4B-96A6-C0213DB7D352} = {B8619027-C1D7-4EF9-A25D-6E9DBA16A15C}
		{6F54F443-955A-4306-B4A4-CD1C80ECBC20} = {33886DA8-01F2-49A4-8DDA-E5C979B3F54B}
	EndGlobalSection
	GlobalSection(ExtensibilityGlobals) = postSolution
		SolutionGuid = {98106107-B718-498F-8FB9-1E89EEEE2504}
	EndGlobalSection
EndGlobal
